
Microsoft Visual Studio Solution File, Format Version 12.00
Project("{8BC9CEB8-8B4A-11D0-8D11-00A0C91BC942}") = "libant", "libant.vcxproj", "{1A6FC817-8803-4097-A963-3550C6901DFF}"
EndProject
Project("{8BC9CEB8-8B4A-11D0-8D11-00A0C91BC942}") = "test", "test\test.vcxproj", "{C6B3A4F9-61BB-4088-A756-E119F8F70C5F}"
EndProject
Project("{2150E333-8FDC-42A3-9474-1A3956D46DE8}") = "info", "info", "{685A7CD0-9532-40CA-98AC-B85EAEE2B26B}"
	ProjectSection(SolutionItems) = preProject
		.gitignore = .gitignore
		advice.png = advice.png
		LICENSE = LICENSE
		README.md = README.md
		.github\workflows\test.yml = .github\workflows\test.yml
		.gitmodules = .gitmodules
	EndProjectSection
EndProject
Global
	GlobalSection(SolutionConfigurationPlatforms) = preSolution
		Debug|Win32 = Debug|Win32
		Debug|x64 = Debug|x64
		Release|Win32 = Release|Win32
		Release|x64 = Release|x64
	EndGlobalSection
	GlobalSection(ProjectConfigurationPlatforms) = postSolution
		{1A6FC817-8803-4097-A963-3550C6901DFF}.Debug|Win32.ActiveCfg = Debug|Win32
		{1A6FC817-8803-4097-A963-3550C6901DFF}.Debug|Win32.Build.0 = Debug|Win32
		{1A6FC817-8803-4097-A963-3550C6901DFF}.Debug|x64.ActiveCfg = Debug|x64
		{1A6FC817-8803-4097-A963-3550C6901DFF}.Debug|x64.Build.0 = Debug|x64
		{1A6FC817-8803-4097-A963-3550C6901DFF}.Release|Win32.ActiveCfg = Release|Win32
		{1A6FC817-8803-4097-A963-3550C6901DFF}.Release|Win32.Build.0 = Release|Win32
		{1A6FC817-8803-4097-A963-3550C6901DFF}.Release|x64.ActiveCfg = Release|x64
		{1A6FC817-8803-4097-A963-3550C6901DFF}.Release|x64.Build.0 = Release|x64
		{C6B3A4F9-61BB-4088-A756-E119F8F70C5F}.Debug|Win32.ActiveCfg = Debug|Win32
		{C6B3A4F9-61BB-4088-A756-E119F8F70C5F}.Debug|Win32.Build.0 = Debug|Win32
		{C6B3A4F9-61BB-4088-A756-E119F8F70C5F}.Debug|x64.ActiveCfg = Debug|x64
		{C6B3A4F9-61BB-4088-A756-E119F8F70C5F}.Debug|x64.Build.0 = Debug|x64
		{C6B3A4F9-61BB-4088-A756-E119F8F70C5F}.Release|Win32.ActiveCfg = Release|Win32
		{C6B3A4F9-61BB-4088-A756-E119F8F70C5F}.Release|Win32.Build.0 = Release|Win32
		{C6B3A4F9-61BB-4088-A756-E119F8F70C5F}.Release|x64.ActiveCfg = Release|x64
		{C6B3A4F9-61BB-4088-A756-E119F8F70C5F}.Release|x64.Build.0 = Release|x64
	EndGlobalSection
EndGlobal
